<?xml version="1.0" encoding="utf-8"?>
<Project ToolsVersion="4.0" xmlns="http://schemas.microsoft.com/developer/msbuild/2003">
  <ItemGroup>
    <Filter Include="소스 파일">
      <UniqueIdentifier>{4FC737F1-C7A5-4376-A066-2A32D752A2FF}</UniqueIdentifier>
      <Extensions>cpp;c;cc;cxx;c++;cppm;ixx;def;odl;idl;hpj;bat;asm;asmx</Extensions>
    </Filter>
    <Filter Include="헤더 파일">
      <UniqueIdentifier>{93995380-89BD-4b04-88EB-625FBE52EBFB}</UniqueIdentifier>
      <Extensions>h;hh;hpp;hxx;h++;hm;inl;inc;ipp;xsd</Extensions>
    </Filter>
    <Filter Include="리소스 파일">
      <UniqueIdentifier>{67DA6AB6-F800-4c08-8B7A-83BB121AAD01}</UniqueIdentifier>
      <Extensions>rc;ico;cur;bmp;dlg;rc2;rct;bin;rgs;gif;jpg;jpeg;jpe;resx;tiff;tif;png;wav;mfcribbon-ms</Extensions>
    </Filter>
    <Filter Include="Common">
      <UniqueIdentifier>{e67a64a9-1700-484d-901a-9470e627f356}</UniqueIdentifier>
    </Filter>
  </ItemGroup>
  <ItemGroup>
    <ClInclude Include="SCDeskTools.h">
      <Filter>헤더 파일</Filter>
    </ClInclude>
    <ClInclude Include="SCDeskToolsDlg.h">
      <Filter>헤더 파일</Filter>
    </ClInclude>
    <ClInclude Include="framework.h">
      <Filter>헤더 파일</Filter>
    </ClInclude>
    <ClInclude Include="targetver.h">
      <Filter>헤더 파일</Filter>
    </ClInclude>
    <ClInclude Include="Resource.h">
      <Filter>헤더 파일</Filter>
    </ClInclude>
    <ClInclude Include="pch.h">
      <Filter>헤더 파일</Filter>
    </ClInclude>
    <ClInclude Include="..\Common\MemoryDC.h">
      <Filter>Common</Filter>
    </ClInclude>
    <ClInclude Include="..\Common\ResizeCtrl.h">
      <Filter>Common</Filter>
    </ClInclude>
    <ClInclude Include="..\Common\SCGdiplusBitmap.h">
      <Filter>Common</Filter>
    </ClInclude>
    <ClInclude Include="..\Common\colors.h">
      <Filter>Common</Filter>
    </ClInclude>
    <ClInclude Include="..\Common\Functions.h">
      <Filter>Common</Filter>
    </ClInclude>
    <ClInclude Include="..\Common\system\SysTrayIcon\SysTrayIcon.h">
      <Filter>Common</Filter>
    </ClInclude>
    <ClInclude Include="..\Common\CButton\GdiButton\GdiButton.h">
      <Filter>Common</Filter>
    </ClInclude>
    <ClInclude Include="..\Common\CDialog\CSCColorPicker\SCColorPicker.h">
      <Filter>Common</Filter>
    </ClInclude>
    <ClInclude Include="..\Common\CDialog\CSCColorPicker\SCDropperDlg.h">
      <Filter>Common</Filter>
    </ClInclude>
    <ClInclude Include="..\Common\CEdit\CSCStaticEdit\SCStaticEdit.h">
      <Filter>Common</Filter>
    </ClInclude>
    <ClInclude Include="..\Common\CEdit\SCEdit\SCEdit.h">
      <Filter>Common</Filter>
    </ClInclude>
    <ClInclude Include="..\Common\CSliderCtrl\SCSliderCtrl\SCSliderCtrl.h">
      <Filter>Common</Filter>
    </ClInclude>
    <ClInclude Include="..\Common\CStatic\SCStatic\SCStatic.h">
      <Filter>Common</Filter>
    </ClInclude>
    <ClInclude Include="..\Common\directx\CSCD2Context\SCD2Context.h">
      <Filter>Common</Filter>
    </ClInclude>
    <ClInclude Include="..\Common\directx\CSCD2Image\SCD2Image.h">
      <Filter>Common</Filter>
    </ClInclude>
    <ClInclude Include="..\Common\thread\CSCThread\SCThread.h">
      <Filter>Common</Filter>
    </ClInclude>
    <ClInclude Include="..\Common\thread\CSCThreadGroup\SCThreadGroup.h">
      <Filter>Common</Filter>
    </ClInclude>
    <ClInclude Include="..\Common\CDialog\SCD2ImageDlg\SCD2ImageDlg.h">
      <Filter>Common</Filter>
    </ClInclude>
    <ClInclude Include="..\Common\ThumbCtrl\SCThumbCtrl.h">
      <Filter>Common</Filter>
    </ClInclude>
    <ClInclude Include="..\Common\messagebox\Win32InputBox\Win32InputBox.h">
      <Filter>Common</Filter>
    </ClInclude>
    <ClInclude Include="SCFrozenOverlayDlg.h">
      <Filter>헤더 파일</Filter>
    </ClInclude>
    <ClInclude Include="SCCaptureOverlayDlg.h">
      <Filter>헤더 파일</Filter>
    </ClInclude>
    <ClInclude Include="SCCapturedNoteDlg.h">
      <Filter>헤더 파일</Filter>
    </ClInclude>
    <ClInclude Include="SCRegionCaptureDlg.h">
      <Filter>헤더 파일</Filter>
    </ClInclude>
    <ClInclude Include="SCFreehandCaptureDlg.h">
      <Filter>헤더 파일</Filter>
    </ClInclude>
    <ClInclude Include="SCProtractorDlg.h">
      <Filter>헤더 파일</Filter>
    </ClInclude>
    <ClInclude Include="SCRulerDlg.h">
      <Filter>헤더 파일</Filter>
    </ClInclude>
    <ClInclude Include="..\Common\CStatic\XPGroupBox\XPGroupBox.h">
      <Filter>Common</Filter>
    </ClInclude>
    <ClInclude Include="..\Common\CScrollbar\SCScrollbar\SCScrollbar.h">
      <Filter>Common</Filter>
    </ClInclude>
    <ClInclude Include="..\Common\data_structure\SCParagraph\SCParagraph.h">
      <Filter>Common</Filter>
    </ClInclude>
    <ClInclude Include="..\Common\win_compat\dpi.h">
      <Filter>Common</Filter>
    </ClInclude>
    <ClInclude Include="..\Common\win_compat\dwm.h">
      <Filter>Common</Filter>
    </ClInclude>
  </ItemGroup>
  <ItemGroup>
    <ClCompile Include="SCDeskTools.cpp">
      <Filter>소스 파일</Filter>
    </ClCompile>
    <ClCompile Include="SCDeskToolsDlg.cpp">
      <Filter>소스 파일</Filter>
    </ClCompile>
    <ClCompile Include="pch.cpp">
      <Filter>소스 파일</Filter>
    </ClCompile>
    <ClCompile Include="..\Common\ResizeCtrl.cpp">
      <Filter>Common</Filter>
    </ClCompile>
    <ClCompile Include="..\Common\SCGdiplusBitmap.cpp">
      <Filter>Common</Filter>
    </ClCompile>
    <ClCompile Include="..\Common\colors.cpp">
      <Filter>Common</Filter>
    </ClCompile>
    <ClCompile Include="..\Common\Functions.cpp">
      <Filter>Common</Filter>
    </ClCompile>
    <ClCompile Include="..\Common\system\SysTrayIcon\SysTrayIcon.cpp">
      <Filter>Common</Filter>
    </ClCompile>
    <ClCompile Include="..\Common\CButton\GdiButton\GdiButton.cpp">
      <Filter>Common</Filter>
    </ClCompile>
    <ClCompile Include="..\Common\CDialog\CSCColorPicker\SCColorPicker.cpp">
      <Filter>Common</Filter>
    </ClCompile>
    <ClCompile Include="..\Common\CDialog\CSCColorPicker\SCDropperDlg.cpp">
      <Filter>Common</Filter>
    </ClCompile>
    <ClCompile Include="..\Common\CEdit\CSCStaticEdit\SCStaticEdit.cpp">
      <Filter>Common</Filter>
    </ClCompile>
    <ClCompile Include="..\Common\CEdit\SCEdit\SCEdit.cpp">
      <Filter>Common</Filter>
    </ClCompile>
    <ClCompile Include="..\Common\CSliderCtrl\SCSliderCtrl\SCSliderCtrl.cpp">
      <Filter>Common</Filter>
    </ClCompile>
    <ClCompile Include="..\Common\CStatic\SCStatic\SCStatic.cpp">
      <Filter>Common</Filter>
    </ClCompile>
    <ClCompile Include="..\Common\directx\CSCD2Context\SCD2Context.cpp">
      <Filter>Common</Filter>
    </ClCompile>
    <ClCompile Include="..\Common\directx\CSCD2Image\SCD2Image.cpp">
      <Filter>Common</Filter>
    </ClCompile>
    <ClCompile Include="..\Common\thread\CSCThread\SCThread.cpp">
      <Filter>Common</Filter>
    </ClCompile>
    <ClCompile Include="..\Common\CDialog\SCD2ImageDlg\SCD2ImageDlg.cpp">
      <Filter>Common</Filter>
    </ClCompile>
    <ClCompile Include="..\Common\ThumbCtrl\SCThumbCtrl.cpp">
      <Filter>Common</Filter>
    </ClCompile>
    <ClCompile Include="..\Common\messagebox\Win32InputBox\Win32InputBox.cpp">
      <Filter>Common</Filter>
    </ClCompile>
    <ClCompile Include="SCFrozenOverlayDlg.cpp">
      <Filter>소스 파일</Filter>
    </ClCompile>
    <ClCompile Include="SCCaptureOverlayDlg.cpp">
      <Filter>소스 파일</Filter>
    </ClCompile>
    <ClCompile Include="SCCapturedNoteDlg.cpp">
      <Filter>소스 파일</Filter>
    </ClCompile>
    <ClCompile Include="SCRegionCaptureDlg.cpp">
      <Filter>소스 파일</Filter>
    </ClCompile>
    <ClCompile Include="SCFreehandCaptureDlg.cpp">
      <Filter>소스 파일</Filter>
    </ClCompile>
    <ClCompile Include="SCProtractorDlg.cpp">
      <Filter>소스 파일</Filter>
    </ClCompile>
    <ClCompile Include="SCRulerDlg.cpp">
      <Filter>소스 파일</Filter>
    </ClCompile>
    <ClCompile Include="..\Common\CStatic\XPGroupBox\XPGroupBox.cpp">
      <Filter>Common</Filter>
    </ClCompile>
    <ClCompile Include="..\Common\CScrollbar\SCScrollbar\SCScrollbar.cpp">
      <Filter>Common</Filter>
    </ClCompile>
    <ClCompile Include="..\Common\data_structure\SCParagraph\SCParagraph.cpp">
      <Filter>Common</Filter>
    </ClCompile>
  </ItemGroup>
  <ItemGroup>
    <ResourceCompile Include="SCDeskTools.rc">
      <Filter>리소스 파일</Filter>
    </ResourceCompile>
  </ItemGroup>
  <ItemGroup>
    <None Include="res\SCDeskTools.rc2">
      <Filter>리소스 파일</Filter>
    </None>
  </ItemGroup>
  <ItemGroup>
    <Image Include="res\SCDeskTools.ico">
      <Filter>리소스 파일</Filter>
    </Image>
  </ItemGroup>
  <ItemGroup>
    <Text Include="readme.txt" />
  </ItemGroup>
</Project>